
Microsoft Visual Studio Solution File, Format Version 12.00
# Visual Studio Version 16
VisualStudioVersion = 16.0.30804.86
MinimumVisualStudioVersion = 10.0.40219.1
Project("{FAE04EC0-301F-11D3-BF4B-00C04F79EFBC}") = "H2School_Carwash", "H2School_Carwash\H2School_Carwash.csproj", "{67ADADE7-092E-46E0-B742-138BED9A45B4}"
EndProject
Global
	GlobalSection(SolutionConfigurationPlatforms) = preSolution
		Debug|Any CPU = Debug|Any CPU
		Release|Any CPU = Release|Any CPU
	EndGlobalSection
	GlobalSection(ProjectConfigurationPlatforms) = postSolution
		{67ADADE7-092E-46E0-B742-138BED9A45B4}.Debug|Any CPU.ActiveCfg = Debug|Any CPU
		{67ADADE7-092E-46E0-B742-138BED9A45B4}.Debug|Any CPU.Build.0 = Debug|Any CPU
		{67ADADE7-092E-46E0-B742-138BED9A45B4}.Release|Any CPU.ActiveCfg = Release|Any CPU
		{67ADADE7-092E-46E0-B742-138BED9A45B4}.Release|Any CPU.Build.0 = Release|Any CPU
	EndGlobalSection
	GlobalSection(SolutionProperties) = preSolution
		HideSolutionNode = FALSE
	EndGlobalSection
	GlobalSection(ExtensibilityGlobals) = postSolution
		SolutionGuid = {EFA307C2-6B0B-4CF5-BF4E-C5E1E6D02F50}
	EndGlobalSection
EndGlobal
